// !$*UTF8*$!
{
	archiveVersion = 1;
	classes = {
	};
	objectVersion = 56;
	objects = {

/* Begin PBXBuildFile section */
		5816E61E2F3366EC00C6B1AB /* DownloadViewApp.swift in Sources */ = {isa = PBXBuildFile; fileRef = 5816E61D2F3366EC00C6B1AB /* DownloadViewApp.swift */; };
		5816E6202F3366EC00C6B1AB /* ContentView.swift in Sources */ = {isa = PBXBuildFile; fileRef = 5816E61F2F3366EC00C6B1AB /* ContentView.swift */; };
		5816E6222F33670100C6B1AB /* Assets.xcassets in Resources */ = {isa = PBXBuildFile; fileRef = 5816E6212F33670100C6B1AB /* Assets.xcassets */; };
		5816E6252F33670100C6B1AB /* Preview Assets.xcassets in Resources */ = {isa = PBXBuildFile; fileRef = 5816E6242F33670100C6B1AB /* Preview Assets.xcassets */; };
		5816E62C2F336B4900C6B1AB /* DownloadPresenter.swift in Sources */ = {isa = PBXBuildFile; fileRef = 5816E62B2F336B4900C6B1AB /* DownloadPresenter.swift */; };
		5816E62E2F336E1800C6B1AB /* DownloadInteractor.swift in Sources */ = {isa = PBXBuildFile; fileRef = 5816E62D2F336E1800C6B1AB /* DownloadInteractor.swift */; };
		5816E6302F33756700C6B1AB /* DownloadEntity.swift in Sources */ = {isa = PBXBuildFile; fileRef = 5816E62F2F33756700C6B1AB /* DownloadEntity.swift */; };
		5816E6322F3377ED00C6B1AB /* DownloadBuilder.swift in Sources */ = {isa = PBXBuildFile; fileRef = 5816E6312F3377ED00C6B1AB /* DownloadBuilder.swift */; };
		5816E6342F33782E00C6B1AB /* DownloadRouter.swift in Sources */ = {isa = PBXBuildFile; fileRef = 5816E6332F33782E00C6B1AB /* DownloadRouter.swift */; };
/* End PBXBuildFile section */

/* Begin PBXFileReference section */
		5816E61A2F3366EC00C6B1AB /* DownloadView.app */ = {isa = PBXFileReference; explicitFileType = wrapper.application; includeInIndex = 0; path = DownloadView.app; sourceTree = BUILT_PRODUCTS_DIR; };
		5816E61D2F3366EC00C6B1AB /* DownloadViewApp.swift */ = {isa = PBXFileReference; lastKnownFileType = sourcecode.swift; path = DownloadViewApp.swift; sourceTree = "<group>"; };
		5816E61F2F3366EC00C6B1AB /* ContentView.swift */ = {isa = PBXFileReference; lastKnownFileType = sourcecode.swift; path = ContentView.swift; sourceTree = "<group>"; };
		5816E6212F33670100C6B1AB /* Assets.xcassets */ = {isa = PBXFileReference; lastKnownFileType = folder.assetcatalog; path = Assets.xcassets; sourceTree = "<group>"; };
		5816E6242F33670100C6B1AB /* Preview Assets.xcassets */ = {isa = PBXFileReference; lastKnownFileType = folder.assetcatalog; path = "Preview Assets.xcassets"; sourceTree = "<group>"; };
		5816E62B2F336B4900C6B1AB /* DownloadPresenter.swift */ = {isa = PBXFileReference; lastKnownFileType = sourcecode.swift; path = DownloadPresenter.swift; sourceTree = "<group>"; };
		5816E62D2F336E1800C6B1AB /* DownloadInteractor.swift */ = {isa = PBXFileReference; lastKnownFileType = sourcecode.swift; path = DownloadInteractor.swift; sourceTree = "<group>"; };
		5816E62F2F33756700C6B1AB /* DownloadEntity.swift */ = {isa = PBXFileReference; lastKnownFileType = sourcecode.swift; path = DownloadEntity.swift; sourceTree = "<group>"; };
		5816E6312F3377ED00C6B1AB /* DownloadBuilder.swift */ = {isa = PBXFileReference; lastKnownFileType = sourcecode.swift; path = DownloadBuilder.swift; sourceTree = "<group>"; };
		5816E6332F33782E00C6B1AB /* DownloadRouter.swift */ = {isa = PBXFileReference; lastKnownFileType = sourcecode.swift; path = DownloadRouter.swift; sourceTree = "<group>"; };
/* End PBXFileReference section */

/* Begin PBXFrameworksBuildPhase section */
		5816E6172F3366EC00C6B1AB /* Frameworks */ = {
			isa = PBXFrameworksBuildPhase;
			buildActionMask = 2147483647;
			files = (
			);
			runOnlyForDeploymentPostprocessing = 0;
		};
/* End PBXFrameworksBuildPhase section */

/* Begin PBXGroup section */
		5816E6112F3366EC00C6B1AB = {
			isa = PBXGroup;
			children = (
				5816E61C2F3366EC00C6B1AB /* DownloadView */,
				5816E61B2F3366EC00C6B1AB /* Products */,
			);
			sourceTree = "<group>";
		};
		5816E61B2F3366EC00C6B1AB /* Products */ = {
			isa = PBXGroup;
			children = (
				5816E61A2F3366EC00C6B1AB /* DownloadView.app */,
			);
			name = Products;
			sourceTree = "<group>";
		};
		5816E61C2F3366EC00C6B1AB /* DownloadView */ = {
			isa = PBXGroup;
			children = (
				5816E61D2F3366EC00C6B1AB /* DownloadViewApp.swift */,
				5816E6312F3377ED00C6B1AB /* DownloadBuilder.swift */,
				5816E6332F33782E00C6B1AB /* DownloadRouter.swift */,
				5816E61F2F3366EC00C6B1AB /* ContentView.swift */,
				5816E62B2F336B4900C6B1AB /* DownloadPresenter.swift */,
				5816E62D2F336E1800C6B1AB /* DownloadInteractor.swift */,
				5816E62F2F33756700C6B1AB /* DownloadEntity.swift */,
				5816E6212F33670100C6B1AB /* Assets.xcassets */,
				5816E6232F33670100C6B1AB /* Preview Content */,
			);
			path = DownloadView;
			sourceTree = "<group>";
		};
		5816E6232F33670100C6B1AB /* Preview Content */ = {
			isa = PBXGroup;
			children = (
				5816E6242F33670100C6B1AB /* Preview Assets.xcassets */,
			);
			path = "Preview Content";
			sourceTree = "<group>";
		};
/* End PBXGroup section */

/* Begin PBXNativeTarget section */
		5816E6192F3366EC00C6B1AB /* DownloadView */ = {
			isa = PBXNativeTarget;
			buildConfigurationList = 5816E6282F33670100C6B1AB /* Build configuration list for PBXNativeTarget "DownloadView" */;
			buildPhases = (
				5816E6162F3366EC00C6B1AB /* Sources */,
				5816E6172F3366EC00C6B1AB /* Frameworks */,
				5816E6182F3366EC00C6B1AB /* Resources */,
			);
			buildRules = (
			);
			dependencies = (
			);
			name = DownloadView;
			productName = DownloadView;
			productReference = 5816E61A2F3366EC00C6B1AB /* DownloadView.app */;
			productType = "com.apple.product-type.application";
		};
/* End PBXNativeTarget section */

/* Begin PBXProject section */
		5816E6122F3366EC00C6B1AB /* Project object */ = {
			isa = PBXProject;
			attributes = {
				BuildIndependentTargetsInParallel = 1;
				LastSwiftUpdateCheck = 1410;
				LastUpgradeCheck = 1410;
				TargetAttributes = {
					5816E6192F3366EC00C6B1AB = {
						CreatedOnToolsVersion = 14.1;
					};
				};
			};
			buildConfigurationList = 5816E6152F3366EC00C6B1AB /* Build configuration list for PBXProject "DownloadView" */;
			compatibilityVersion = "Xcode 14.0";
			developmentRegion = en;
			hasScannedForEncodings = 0;
			knownRegions = (
				en,
				Base,
			);
			mainGroup = 5816E6112F3366EC00C6B1AB;
			productRefGroup = 5816E61B2F3366EC00C6B1AB /* Products */;
			projectDirPath = "";
			projectRoot = "";
			targets = (
				5816E6192F3366EC00C6B1AB /* DownloadView */,
			);
		};
/* End PBXProject section */

/* Begin PBXResourcesBuildPhase section */
		5816E6182F3366EC00C6B1AB /* Resources */ = {
			isa = PBXResourcesBuildPhase;
			buildActionMask = 2147483647;
			files = (
				5816E6252F33670100C6B1AB /* Preview Assets.xcassets in Resources */,
				5816E6222F33670100C6B1AB /* Assets.xcassets in Resources */,
			);
			runOnlyForDeploymentPostprocessing = 0;
		};
/* End PBXResourcesBuildPhase section */

/* Begin PBXSourcesBuildPhase section */
		5816E6162F3366EC00C6B1AB /* Sources */ = {
			isa = PBXSourcesBuildPhase;
			buildActionMask = 2147483647;
			files = (
				5816E6202F3366EC00C6B1AB /* ContentView.swift in Sources */,
				5816E6322F3377ED00C6B1AB /* DownloadBuilder.swift in Sources */,
				5816E6342F33782E00C6B1AB /* DownloadRouter.swift in Sources */,
				5816E62C2F336B4900C6B1AB /* DownloadPresenter.swift in Sources */,
				5816E6302F33756700C6B1AB /* DownloadEntity.swift in Sources */,
				5816E62E2F336E1800C6B1AB /* DownloadInteractor.swift in Sources */,
				5816E61E2F3366EC00C6B1AB /* DownloadViewApp.swift in Sources */,
			);
			runOnlyForDeploymentPostprocessing = 0;
		};
/* End PBXSourcesBuildPhase section */

/* Begin XCBuildConfiguration section */
		5816E6262F33670100C6B1AB /* Debug */ = {
			isa = XCBuildConfiguration;
			buildSettings = {
				ALWAYS_SEARCH_USER_PATHS = NO;
				CLANG_ANALYZER_NONNULL = YES;
				CLANG_ANALYZER_NUMBER_OBJECT_CONVERSION = YES_AGGRESSIVE;
				CLANG_CXX_LANGUAGE_STANDARD = "gnu++20";
				CLANG_ENABLE_MODULES = YES;
				CLANG_ENABLE_OBJC_ARC = YES;
				CLANG_ENABLE_OBJC_WEAK = YES;
				CLANG_WARN_BLOCK_CAPTURE_AUTORELEASING = YES;
				CLANG_WARN_BOOL_CONVERSION = YES;
				CLANG_WARN_COMMA = YES;
				CLANG_WARN_CONSTANT_CONVERSION = YES;
				CLANG_WARN_DEPRECATED_OBJC_IMPLEMENTATIONS = YES;
				CLANG_WARN_DIRECT_OBJC_ISA_USAGE = YES_ERROR;
				CLANG_WARN_DOCUMENTATION_COMMENTS = YES;
				CLANG_WARN_EMPTY_BODY = YES;
				CLANG_WARN_ENUM_CONVERSION = YES;
				CLANG_WARN_INFINITE_RECURSION = YES;
				CLANG_WARN_INT_CONVERSION = YES;
				CLANG_WARN_NON_LITERAL_NULL_CONVERSION = YES;
				CLANG_WARN_OBJC_IMPLICIT_RETAIN_SELF = YES;
				CLANG_WARN_OBJC_LITERAL_CONVERSION = YES;
				CLANG_WARN_OBJC_ROOT_CLASS = YES_ERROR;
				CLANG_WARN_QUOTED_INCLUDE_IN_FRAMEWORK_HEADER = YES;
				CLANG_WARN_RANGE_LOOP_ANALYSIS = YES;
				CLANG_WARN_STRICT_PROTOTYPES = YES;
				CLANG_WARN_SUSPICIOUS_MOVE = YES;
				CLANG_WARN_UNGUARDED_AVAILABILITY = YES_AGGRESSIVE;
				CLANG_WARN_UNREACHABLE_CODE = YES;
				CLANG_WARN__DUPLICATE_METHOD_MATCH = YES;
				COPY_PHASE_STRIP = NO;
				DEBUG_INFORMATION_FORMAT = dwarf;
				ENABLE_STRICT_OBJC_MSGSEND = YES;
				ENABLE_TESTABILITY = YES;
				GCC_C_LANGUAGE_STANDARD = gnu11;
				GCC_DYNAMIC_NO_PIC = NO;
				GCC_NO_COMMON_BLOCKS = YES;
				GCC_OPTIMIZATION_LEVEL = 0;
				GCC_PREPROCESSOR_DEFINITIONS = (
					"DEBUG=1",
					"$(inherited)",
				);
				GCC_WARN_64_TO_32_BIT_CONVERSION = YES;
				GCC_WARN_ABOUT_RETURN_TYPE = YES_ERROR;
				GCC_WARN_UNDECLARED_SELECTOR = YES;
				GCC_WARN_UNINITIALIZED_AUTOS = YES_AGGRESSIVE;
				GCC_WARN_UNUSED_FUNCTION = YES;
				GCC_WARN_UNUSED_VARIABLE = YES;
				IPHONEOS_DEPLOYMENT_TARGET = 16.1;
				MTL_ENABLE_DEBUG_INFO = INCLUDE_SOURCE;
				MTL_FAST_MATH = YES;
				ONLY_ACTIVE_ARCH = YES;
				SDKROOT = iphoneos;
				SWIFT_ACTIVE_COMPILATION_CONDITIONS = DEBUG;
				SWIFT_OPTIMIZATION_LEVEL = "-Onone";
			};
			name = Debug;
		};
		5816E6272F33670100C6B1AB /* Release */ = {
			isa = XCBuildConfiguration;
			buildSettings = {
				ALWAYS_SEARCH_USER_PATHS = NO;
				CLANG_ANALYZER_NONNULL = YES;
				CLANG_ANALYZER_NUMBER_OBJECT_CONVERSION = YES_AGGRESSIVE;
				CLANG_CXX_LANGUAGE_STANDARD = "gnu++20";
				CLANG_ENABLE_MODULES = YES;
				CLANG_ENABLE_OBJC_ARC = YES;
				CLANG_ENABLE_OBJC_WEAK = YES;
				CLANG_WARN_BLOCK_CAPTURE_AUTORELEASING = YES;
				CLANG_WARN_BOOL_CONVERSION = YES;
				CLANG_WARN_COMMA = YES;
				CLANG_WARN_CONSTANT_CONVERSION = YES;
				CLANG_WARN_DEPRECATED_OBJC_IMPLEMENTATIONS = YES;
				CLANG_WARN_DIRECT_OBJC_ISA_USAGE = YES_ERROR;
				CLANG_WARN_DOCUMENTATION_COMMENTS = YES;
				CLANG_WARN_EMPTY_BODY = YES;
				CLANG_WARN_ENUM_CONVERSION = YES;
				CLANG_WARN_INFINITE_RECURSION = YES;
				CLANG_WARN_INT_CONVERSION = YES;
				CLANG_WARN_NON_LITERAL_NULL_CONVERSION = YES;
				CLANG_WARN_OBJC_IMPLICIT_RETAIN_SELF = YES;
				CLANG_WARN_OBJC_LITERAL_CONVERSION = YES;
				CLANG_WARN_OBJC_ROOT_CLASS = YES_ERROR;
				CLANG_WARN_QUOTED_INCLUDE_IN_FRAMEWORK_HEADER = YES;
				CLANG_WARN_RANGE_LOOP_ANALYSIS = YES;
				CLANG_WARN_STRICT_PROTOTYPES = YES;
				CLANG_WARN_SUSPICIOUS_MOVE = YES;
				CLANG_WARN_UNGUARDED_AVAILABILITY = YES_AGGRESSIVE;
				CLANG_WARN_UNREACHABLE_CODE = YES;
				CLANG_WARN__DUPLICATE_METHOD_MATCH = YES;
				COPY_PHASE_STRIP = NO;
				DEBUG_INFORMATION_FORMAT = "dwarf-with-dsym";
				ENABLE_NS_ASSERTIONS = NO;
				ENABLE_STRICT_OBJC_MSGSEND = YES;
				GCC_C_LANGUAGE_STANDARD = gnu11;
				GCC_NO_COMMON_BLOCKS = YES;
				GCC_WARN_64_TO_32_BIT_CONVERSION = YES;
				GCC_WARN_ABOUT_RETURN_TYPE = YES_ERROR;
				GCC_WARN_UNDECLARED_SELECTOR = YES;
				GCC_WARN_UNINITIALIZED_AUTOS = YES_AGGRESSIVE;
				GCC_WARN_UNUSED_FUNCTION = YES;
				GCC_WARN_UNUSED_VARIABLE = YES;
				IPHONEOS_DEPLOYMENT_TARGET = 16.1;
				MTL_ENABLE_DEBUG_INFO = NO;
				MTL_FAST_MATH = YES;
				SDKROOT = iphoneos;
				SWIFT_COMPILATION_MODE = wholemodule;
				SWIFT_OPTIMIZATION_LEVEL = "-O";
				VALIDATE_PRODUCT = YES;
			};
			name = Release;
		};
		5816E6292F33670100C6B1AB /* Debug */ = {
			isa = XCBuildConfiguration;
			buildSettings = {
				ASSETCATALOG_COMPILER_APPICON_NAME = AppIcon;
				ASSETCATALOG_COMPILER_GLOBAL_ACCENT_COLOR_NAME = AccentColor;
				CODE_SIGN_STYLE = Automatic;
				CURRENT_PROJECT_VERSION = 1;
				DEVELOPMENT_ASSET_PATHS = "\"DownloadView/Preview Content\"";
				ENABLE_PREVIEWS = YES;
				GENERATE_INFOPLIST_FILE = YES;
				INFOPLIST_KEY_UIApplicationSceneManifest_Generation = YES;
				INFOPLIST_KEY_UIApplicationSupportsIndirectInputEvents = YES;
				INFOPLIST_KEY_UILaunchScreen_Generation = YES;
				INFOPLIST_KEY_UISupportedInterfaceOrientations_iPad = "UIInterfaceOrientationPortrait UIInterfaceOrientationPortraitUpsideDown UIInterfaceOrientationLandscapeLeft UIInterfaceOrientationLandscapeRight";
				INFOPLIST_KEY_UISupportedInterfaceOrientations_iPhone = "UIInterfaceOrientationPortrait UIInterfaceOrientationLandscapeLeft UIInterfaceOrientationLandscapeRight";
				LD_RUNPATH_SEARCH_PATHS = (
					"$(inherited)",
					"@executable_path/Frameworks",
				);
				MARKETING_VERSION = 1.0;
				PRODUCT_BUNDLE_IDENTIFIER = com.ghouseazam.DownloadView;
				PRODUCT_NAME = "$(TARGET_NAME)";
				SWIFT_EMIT_LOC_STRINGS = YES;
				SWIFT_VERSION = 5.0;
				TARGETED_DEVICE_FAMILY = "1,2";
			};
			name = Debug;
		};
		5816E62A2F33670100C6B1AB /* Release */ = {
			isa = XCBuildConfiguration;
			buildSettings = {
				ASSETCATALOG_COMPILER_APPICON_NAME = AppIcon;
				ASSETCATALOG_COMPILER_GLOBAL_ACCENT_COLOR_NAME = AccentColor;
				CODE_SIGN_STYLE = Automatic;
				CURRENT_PROJECT_VERSION = 1;
				DEVELOPMENT_ASSET_PATHS = "\"DownloadView/Preview Content\"";
				ENABLE_PREVIEWS = YES;
				GENERATE_INFOPLIST_FILE = YES;
				INFOPLIST_KEY_UIApplicationSceneManifest_Generation = YES;
				INFOPLIST_KEY_UIApplicationSupportsIndirectInputEvents = YES;
				INFOPLIST_KEY_UILaunchScreen_Generation = YES;
				INFOPLIST_KEY_UISupportedInterfaceOrientations_iPad = "UIInterfaceOrientationPortrait UIInterfaceOrientationPortraitUpsideDown UIInterfaceOrientationLandscapeLeft UIInterfaceOrientationLandscapeRight";
				INFOPLIST_KEY_UISupportedInterfaceOrientations_iPhone = "UIInterfaceOrientationPortrait UIInterfaceOrientationLandscapeLeft UIInterfaceOrientationLandscapeRight";
				LD_RUNPATH_SEARCH_PATHS = (
					"$(inherited)",
					"@executable_path/Frameworks",
				);
				MARKETING_VERSION = 1.0;
				PRODUCT_BUNDLE_IDENTIFIER = com.ghouseazam.DownloadView;
				PRODUCT_NAME = "$(TARGET_NAME)";
				SWIFT_EMIT_LOC_STRINGS = YES;
				SWIFT_VERSION = 5.0;
				TARGETED_DEVICE_FAMILY = "1,2";
			};
			name = Release;
		};
/* End XCBuildConfiguration section */

/* Begin XCConfigurationList section */
		5816E6152F3366EC00C6B1AB /* Build configuration list for PBXProject "DownloadView" */ = {
			isa = XCConfigurationList;
			buildConfigurations = (
				5816E6262F33670100C6B1AB /* Debug */,
				5816E6272F33670100C6B1AB /* Release */,
			);
			defaultConfigurationIsVisible = 0;
			defaultConfigurationName = Release;
		};
		5816E6282F33670100C6B1AB /* Build configuration list for PBXNativeTarget "DownloadView" */ = {
			isa = XCConfigurationList;
			buildConfigurations = (
				5816E6292F33670100C6B1AB /* Debug */,
				5816E62A2F33670100C6B1AB /* Release */,
			);
			defaultConfigurationIsVisible = 0;
			defaultConfigurationName = Release;
		};
/* End XCConfigurationList section */
	};
	rootObject = 5816E6122F3366EC00C6B1AB /* Project object */;
}
